// !$*UTF8*$!
{
	archiveVersion = 1;
	classes = {
	};
	objectVersion = 77;
	objects = {

/* Begin PBXBuildFile section */
		B626D4A52DD3B7450038FED8 /* Kingfisher in Frameworks */ = {isa = PBXBuildFile; productRef = B626D4A42DD3B7450038FED8 /* Kingfisher */; };
/* End PBXBuildFile section */

/* Begin PBXContainerItemProxy section */
		B626D46C2DD3924D0038FED8 /* PBXContainerItemProxy */ = {
			isa = PBXContainerItemProxy;
			containerPortal = B626D4532DD3924C0038FED8 /* Project object */;
			proxyType = 1;
			remoteGlobalIDString = B626D45A2DD3924C0038FED8;
			remoteInfo = GlobeAppExam;
		};
		B626D4762DD3924D0038FED8 /* PBXContainerItemProxy */ = {
			isa = PBXContainerItemProxy;
			containerPortal = B626D4532DD3924C0038FED8 /* Project object */;
			proxyType = 1;
			remoteGlobalIDString = B626D45A2DD3924C0038FED8;
			remoteInfo = GlobeAppExam;
		};
/* End PBXContainerItemProxy section */

/* Begin PBXFileReference section */
		B626D45B2DD3924C0038FED8 /* GlobeAppExam.app */ = {isa = PBXFileReference; explicitFileType = wrapper.application; includeInIndex = 0; path = GlobeAppExam.app; sourceTree = BUILT_PRODUCTS_DIR; };
		B626D46B2DD3924D0038FED8 /* GlobeAppExamTests.xctest */ = {isa = PBXFileReference; explicitFileType = wrapper.cfbundle; includeInIndex = 0; path = GlobeAppExamTests.xctest; sourceTree = BUILT_PRODUCTS_DIR; };
		B626D4752DD3924D0038FED8 /* GlobeAppExamUITests.xctest */ = {isa = PBXFileReference; explicitFileType = wrapper.cfbundle; includeInIndex = 0; path = GlobeAppExamUITests.xctest; sourceTree = BUILT_PRODUCTS_DIR; };
/* End PBXFileReference section */

/* Begin PBXFileSystemSynchronizedRootGroup section */
		B626D45D2DD3924C0038FED8 /* GlobeAppExam */ = {
			isa = PBXFileSystemSynchronizedRootGroup;
			path = GlobeAppExam;
			sourceTree = "<group>";
		};
		B626D46E2DD3924D0038FED8 /* GlobeAppExamTests */ = {
			isa = PBXFileSystemSynchronizedRootGroup;
			path = GlobeAppExamTests;
			sourceTree = "<group>";
		};
		B626D4782DD3924D0038FED8 /* GlobeAppExamUITests */ = {
			isa = PBXFileSystemSynchronizedRootGroup;
			path = GlobeAppExamUITests;
			sourceTree = "<group>";
		};
/* End PBXFileSystemSynchronizedRootGroup section */

/* Begin PBXFrameworksBuildPhase section */
		B626D4582DD3924C0038FED8 /* Frameworks */ = {
			isa = PBXFrameworksBuildPhase;
			buildActionMask = 2147483647;
			files = (
				B626D4A52DD3B7450038FED8 /* Kingfisher in Frameworks */,
			);
			runOnlyForDeploymentPostprocessing = 0;
		};
		B626D4682DD3924D0038FED8 /* Frameworks */ = {
			isa = PBXFrameworksBuildPhase;
			buildActionMask = 2147483647;
			files = (
			);
			runOnlyForDeploymentPostprocessing = 0;
		};
		B626D4722DD3924D0038FED8 /* Frameworks */ = {
			isa = PBXFrameworksBuildPhase;
			buildActionMask = 2147483647;
			files = (
			);
			runOnlyForDeploymentPostprocessing = 0;
		};
/* End PBXFrameworksBuildPhase section */

/* Begin PBXGroup section */
		B626D4522DD3924C0038FED8 = {
			isa = PBXGroup;
			children = (
				B626D45D2DD3924C0038FED8 /* GlobeAppExam */,
				B626D46E2DD3924D0038FED8 /* GlobeAppExamTests */,
				B626D4782DD3924D0038FED8 /* GlobeAppExamUITests */,
				B626D45C2DD3924C0038FED8 /* Products */,
			);
			sourceTree = "<group>";
		};
		B626D45C2DD3924C0038FED8 /* Products */ = {
			isa = PBXGroup;
			children = (
				B626D45B2DD3924C0038FED8 /* GlobeAppExam.app */,
				B626D46B2DD3924D0038FED8 /* GlobeAppExamTests.xctest */,
				B626D4752DD3924D0038FED8 /* GlobeAppExamUITests.xctest */,
			);
			name = Products;
			sourceTree = "<group>";
		};
/* End PBXGroup section */

/* Begin PBXNativeTarget section */
		B626D45A2DD3924C0038FED8 /* GlobeAppExam */ = {
			isa = PBXNativeTarget;
			buildConfigurationList = B626D47F2DD3924D0038FED8 /* Build configuration list for PBXNativeTarget "GlobeAppExam" */;
			buildPhases = (
				B626D4572DD3924C0038FED8 /* Sources */,
				B626D4582DD3924C0038FED8 /* Frameworks */,
				B626D4592DD3924C0038FED8 /* Resources */,
			);
			buildRules = (
			);
			dependencies = (
			);
			fileSystemSynchronizedGroups = (
				B626D45D2DD3924C0038FED8 /* GlobeAppExam */,
			);
			name = GlobeAppExam;
			packageProductDependencies = (
				B626D4A42DD3B7450038FED8 /* Kingfisher */,
			);
			productName = GlobeAppExam;
			productReference = B626D45B2DD3924C0038FED8 /* GlobeAppExam.app */;
			productType = "com.apple.product-type.application";
		};
		B626D46A2DD3924D0038FED8 /* GlobeAppExamTests */ = {
			isa = PBXNativeTarget;
			buildConfigurationList = B626D4822DD3924D0038FED8 /* Build configuration list for PBXNativeTarget "GlobeAppExamTests" */;
			buildPhases = (
				B626D4672DD3924D0038FED8 /* Sources */,
				B626D4682DD3924D0038FED8 /* Frameworks */,
				B626D4692DD3924D0038FED8 /* Resources */,
			);
			buildRules = (
			);
			dependencies = (
				B626D46D2DD3924D0038FED8 /* PBXTargetDependency */,
			);
			fileSystemSynchronizedGroups = (
				B626D46E2DD3924D0038FED8 /* GlobeAppExamTests */,
			);
			name = GlobeAppExamTests;
			packageProductDependencies = (
			);
			productName = GlobeAppExamTests;
			productReference = B626D46B2DD3924D0038FED8 /* GlobeAppExamTests.xctest */;
			productType = "com.apple.product-type.bundle.unit-test";
		};
		B626D4742DD3924D0038FED8 /* GlobeAppExamUITests */ = {
			isa = PBXNativeTarget;
			buildConfigurationList = B626D4852DD3924D0038FED8 /* Build configuration list for PBXNativeTarget "GlobeAppExamUITests" */;
			buildPhases = (
				B626D4712DD3924D0038FED8 /* Sources */,
				B626D4722DD3924D0038FED8 /* Frameworks */,
				B626D4732DD3924D0038FED8 /* Resources */,
			);
			buildRules = (
			);
			dependencies = (
				B626D4772DD3924D0038FED8 /* PBXTargetDependency */,
			);
			fileSystemSynchronizedGroups = (
				B626D4782DD3924D0038FED8 /* GlobeAppExamUITests */,
			);
			name = GlobeAppExamUITests;
			packageProductDependencies = (
			);
			productName = GlobeAppExamUITests;
			productReference = B626D4752DD3924D0038FED8 /* GlobeAppExamUITests.xctest */;
			productType = "com.apple.product-type.bundle.ui-testing";
		};
/* End PBXNativeTarget section */

/* Begin PBXProject section */
		B626D4532DD3924C0038FED8 /* Project object */ = {
			isa = PBXProject;
			attributes = {
				BuildIndependentTargetsInParallel = 1;
				LastSwiftUpdateCheck = 1620;
				LastUpgradeCheck = 1620;
				TargetAttributes = {
					B626D45A2DD3924C0038FED8 = {
						CreatedOnToolsVersion = 16.2;
					};
					B626D46A2DD3924D0038FED8 = {
						CreatedOnToolsVersion = 16.2;
						TestTargetID = B626D45A2DD3924C0038FED8;
					};
					B626D4742DD3924D0038FED8 = {
						CreatedOnToolsVersion = 16.2;
						TestTargetID = B626D45A2DD3924C0038FED8;
					};
				};
			};
			buildConfigurationList = B626D4562DD3924C0038FED8 /* Build configuration list for PBXProject "GlobeAppExam" */;
			developmentRegion = en;
			hasScannedForEncodings = 0;
			knownRegions = (
				en,
				Base,
			);
			mainGroup = B626D4522DD3924C0038FED8;
			minimizedProjectReferenceProxies = 1;
			packageReferences = (
				B626D4A32DD3B7450038FED8 /* XCRemoteSwiftPackageReference "Kingfisher" */,
			);
			preferredProjectObjectVersion = 77;
			productRefGroup = B626D45C2DD3924C0038FED8 /* Products */;
			projectDirPath = "";
			projectRoot = "";
			targets = (
				B626D45A2DD3924C0038FED8 /* GlobeAppExam */,
				B626D46A2DD3924D0038FED8 /* GlobeAppExamTests */,
				B626D4742DD3924D0038FED8 /* GlobeAppExamUITests */,
			);
		};
/* End PBXProject section */

/* Begin PBXResourcesBuildPhase section */
		B626D4592DD3924C0038FED8 /* Resources */ = {
			isa = PBXResourcesBuildPhase;
			buildActionMask = 2147483647;
			files = (
			);
			runOnlyForDeploymentPostprocessing = 0;
		};
		B626D4692DD3924D0038FED8 /* Resources */ = {
			isa = PBXResourcesBuildPhase;
			buildActionMask = 2147483647;
			files = (
			);
			runOnlyForDeploymentPostprocessing = 0;
		};
		B626D4732DD3924D0038FED8 /* Resources */ = {
			isa = PBXResourcesBuildPhase;
			buildActionMask = 2147483647;
			files = (
			);
			runOnlyForDeploymentPostprocessing = 0;
		};
/* End PBXResourcesBuildPhase section */

/* Begin PBXSourcesBuildPhase section */
		B626D4572DD3924C0038FED8 /* Sources */ = {
			isa = PBXSourcesBuildPhase;
			buildActionMask = 2147483647;
			files = (
			);
			runOnlyForDeploymentPostprocessing = 0;
		};
		B626D4672DD3924D0038FED8 /* Sources */ = {
			isa = PBXSourcesBuildPhase;
			buildActionMask = 2147483647;
			files = (
			);
			runOnlyForDeploymentPostprocessing = 0;
		};
		B626D4712DD3924D0038FED8 /* Sources */ = {
			isa = PBXSourcesBuildPhase;
			buildActionMask = 2147483647;
			files = (
			);
			runOnlyForDeploymentPostprocessing = 0;
		};
/* End PBXSourcesBuildPhase section */

/* Begin PBXTargetDependency section */
		B626D46D2DD3924D0038FED8 /* PBXTargetDependency */ = {
			isa = PBXTargetDependency;
			target = B626D45A2DD3924C0038FED8 /* GlobeAppExam */;
			targetProxy = B626D46C2DD3924D0038FED8 /* PBXContainerItemProxy */;
		};
		B626D4772DD3924D0038FED8 /* PBXTargetDependency */ = {
			isa = PBXTargetDependency;
			target = B626D45A2DD3924C0038FED8 /* GlobeAppExam */;
			targetProxy = B626D4762DD3924D0038FED8 /* PBXContainerItemProxy */;
		};
/* End PBXTargetDependency section */

/* Begin XCBuildConfiguration section */
		B626D47D2DD3924D0038FED8 /* Debug */ = {
			isa = XCBuildConfiguration;
			buildSettings = {
				ALWAYS_SEARCH_USER_PATHS = NO;
				ASSETCATALOG_COMPILER_GENERATE_SWIFT_ASSET_SYMBOL_EXTENSIONS = YES;
				CLANG_ANALYZER_NONNULL = YES;
				CLANG_ANALYZER_NUMBER_OBJECT_CONVERSION = YES_AGGRESSIVE;
				CLANG_CXX_LANGUAGE_STANDARD = "gnu++20";
				CLANG_ENABLE_MODULES = YES;
				CLANG_ENABLE_OBJC_ARC = YES;
				CLANG_ENABLE_OBJC_WEAK = YES;
				CLANG_WARN_BLOCK_CAPTURE_AUTORELEASING = YES;
				CLANG_WARN_BOOL_CONVERSION = YES;
				CLANG_WARN_COMMA = YES;
				CLANG_WARN_CONSTANT_CONVERSION = YES;
				CLANG_WARN_DEPRECATED_OBJC_IMPLEMENTATIONS = YES;
				CLANG_WARN_DIRECT_OBJC_ISA_USAGE = YES_ERROR;
				CLANG_WARN_DOCUMENTATION_COMMENTS = YES;
				CLANG_WARN_EMPTY_BODY = YES;
				CLANG_WARN_ENUM_CONVERSION = YES;
				CLANG_WARN_INFINITE_RECURSION = YES;
				CLANG_WARN_INT_CONVERSION = YES;
				CLANG_WARN_NON_LITERAL_NULL_CONVERSION = YES;
				CLANG_WARN_OBJC_IMPLICIT_RETAIN_SELF = YES;
				CLANG_WARN_OBJC_LITERAL_CONVERSION = YES;
				CLANG_WARN_OBJC_ROOT_CLASS = YES_ERROR;
				CLANG_WARN_QUOTED_INCLUDE_IN_FRAMEWORK_HEADER = YES;
				CLANG_WARN_RANGE_LOOP_ANALYSIS = YES;
				CLANG_WARN_STRICT_PROTOTYPES = YES;
				CLANG_WARN_SUSPICIOUS_MOVE = YES;
				CLANG_WARN_UNGUARDED_AVAILABILITY = YES_AGGRESSIVE;
				CLANG_WARN_UNREACHABLE_CODE = YES;
				CLANG_WARN__DUPLICATE_METHOD_MATCH = YES;
				COPY_PHASE_STRIP = NO;
				DEBUG_INFORMATION_FORMAT = dwarf;
				ENABLE_STRICT_OBJC_MSGSEND = YES;
				ENABLE_TESTABILITY = YES;
				ENABLE_USER_SCRIPT_SANDBOXING = YES;
				GCC_C_LANGUAGE_STANDARD = gnu17;
				GCC_DYNAMIC_NO_PIC = NO;
				GCC_NO_COMMON_BLOCKS = YES;
				GCC_OPTIMIZATION_LEVEL = 0;
				GCC_PREPROCESSOR_DEFINITIONS = (
					"DEBUG=1",
					"$(inherited)",
				);
				GCC_WARN_64_TO_32_BIT_CONVERSION = YES;
				GCC_WARN_ABOUT_RETURN_TYPE = YES_ERROR;
				GCC_WARN_UNDECLARED_SELECTOR = YES;
				GCC_WARN_UNINITIALIZED_AUTOS = YES_AGGRESSIVE;
				GCC_WARN_UNUSED_FUNCTION = YES;
				GCC_WARN_UNUSED_VARIABLE = YES;
				IPHONEOS_DEPLOYMENT_TARGET = 18.2;
				LOCALIZATION_PREFERS_STRING_CATALOGS = YES;
				MTL_ENABLE_DEBUG_INFO = INCLUDE_SOURCE;
				MTL_FAST_MATH = YES;
				ONLY_ACTIVE_ARCH = YES;
				SDKROOT = iphoneos;
				SWIFT_ACTIVE_COMPILATION_CONDITIONS = "DEBUG $(inherited)";
				SWIFT_OPTIMIZATION_LEVEL = "-Onone";
			};
			name = Debug;
		};
		B626D47E2DD3924D0038FED8 /* Release */ = {
			isa = XCBuildConfiguration;
			buildSettings = {
				ALWAYS_SEARCH_USER_PATHS = NO;
				ASSETCATALOG_COMPILER_GENERATE_SWIFT_ASSET_SYMBOL_EXTENSIONS = YES;
				CLANG_ANALYZER_NONNULL = YES;
				CLANG_ANALYZER_NUMBER_OBJECT_CONVERSION = YES_AGGRESSIVE;
				CLANG_CXX_LANGUAGE_STANDARD = "gnu++20";
				CLANG_ENABLE_MODULES = YES;
				CLANG_ENABLE_OBJC_ARC = YES;
				CLANG_ENABLE_OBJC_WEAK = YES;
				CLANG_WARN_BLOCK_CAPTURE_AUTORELEASING = YES;
				CLANG_WARN_BOOL_CONVERSION = YES;
				CLANG_WARN_COMMA = YES;
				CLANG_WARN_CONSTANT_CONVERSION = YES;
				CLANG_WARN_DEPRECATED_OBJC_IMPLEMENTATIONS = YES;
				CLANG_WARN_DIRECT_OBJC_ISA_USAGE = YES_ERROR;
				CLANG_WARN_DOCUMENTATION_COMMENTS = YES;
				CLANG_WARN_EMPTY_BODY = YES;
				CLANG_WARN_ENUM_CONVERSION = YES;
				CLANG_WARN_INFINITE_RECURSION = YES;
				CLANG_WARN_INT_CONVERSION = YES;
				CLANG_WARN_NON_LITERAL_NULL_CONVERSION = YES;
				CLANG_WARN_OBJC_IMPLICIT_RETAIN_SELF = YES;
				CLANG_WARN_OBJC_LITERAL_CONVERSION = YES;
				CLANG_WARN_OBJC_ROOT_CLASS = YES_ERROR;
				CLANG_WARN_QUOTED_INCLUDE_IN_FRAMEWORK_HEADER = YES;
				CLANG_WARN_RANGE_LOOP_ANALYSIS = YES;
				CLANG_WARN_STRICT_PROTOTYPES = YES;
				CLANG_WARN_SUSPICIOUS_MOVE = YES;
				CLANG_WARN_UNGUARDED_AVAILABILITY = YES_AGGRESSIVE;
				CLANG_WARN_UNREACHABLE_CODE = YES;
				CLANG_WARN__DUPLICATE_METHOD_MATCH = YES;
				COPY_PHASE_STRIP = NO;
				DEBUG_INFORMATION_FORMAT = "dwarf-with-dsym";
				ENABLE_NS_ASSERTIONS = NO;
				ENABLE_STRICT_OBJC_MSGSEND = YES;
				ENABLE_USER_SCRIPT_SANDBOXING = YES;
				GCC_C_LANGUAGE_STANDARD = gnu17;
				GCC_NO_COMMON_BLOCKS = YES;
				GCC_WARN_64_TO_32_BIT_CONVERSION = YES;
				GCC_WARN_ABOUT_RETURN_TYPE = YES_ERROR;
				GCC_WARN_UNDECLARED_SELECTOR = YES;
				GCC_WARN_UNINITIALIZED_AUTOS = YES_AGGRESSIVE;
				GCC_WARN_UNUSED_FUNCTION = YES;
				GCC_WARN_UNUSED_VARIABLE = YES;
				IPHONEOS_DEPLOYMENT_TARGET = 18.2;
				LOCALIZATION_PREFERS_STRING_CATALOGS = YES;
				MTL_ENABLE_DEBUG_INFO = NO;
				MTL_FAST_MATH = YES;
				SDKROOT = iphoneos;
				SWIFT_COMPILATION_MODE = wholemodule;
				VALIDATE_PRODUCT = YES;
			};
			name = Release;
		};
		B626D4802DD3924D0038FED8 /* Debug */ = {
			isa = XCBuildConfiguration;
			buildSettings = {
				ASSETCATALOG_COMPILER_APPICON_NAME = AppIcon;
				ASSETCATALOG_COMPILER_GLOBAL_ACCENT_COLOR_NAME = AccentColor;
				CODE_SIGN_STYLE = Automatic;
				CURRENT_PROJECT_VERSION = 1;
				DEVELOPMENT_ASSET_PATHS = "\"GlobeAppExam/Preview Content\"";
				ENABLE_PREVIEWS = YES;
				GENERATE_INFOPLIST_FILE = YES;
				INFOPLIST_KEY_UIApplicationSceneManifest_Generation = YES;
				INFOPLIST_KEY_UIApplicationSupportsIndirectInputEvents = YES;
				INFOPLIST_KEY_UILaunchScreen_Generation = YES;
				INFOPLIST_KEY_UISupportedInterfaceOrientations_iPad = "UIInterfaceOrientationPortrait UIInterfaceOrientationPortraitUpsideDown UIInterfaceOrientationLandscapeLeft UIInterfaceOrientationLandscapeRight";
				INFOPLIST_KEY_UISupportedInterfaceOrientations_iPhone = "UIInterfaceOrientationPortrait UIInterfaceOrientationLandscapeLeft UIInterfaceOrientationLandscapeRight";
				LD_RUNPATH_SEARCH_PATHS = (
					"$(inherited)",
					"@executable_path/Frameworks",
				);
				MARKETING_VERSION = 1.0;
				PRODUCT_BUNDLE_IDENTIFIER = com.MJ.GlobeAppExam;
				PRODUCT_NAME = "$(TARGET_NAME)";
				SWIFT_EMIT_LOC_STRINGS = YES;
				SWIFT_VERSION = 5.0;
				TARGETED_DEVICE_FAMILY = "1,2";
			};
			name = Debug;
		};
		B626D4812DD3924D0038FED8 /* Release */ = {
			isa = XCBuildConfiguration;
			buildSettings = {
				ASSETCATALOG_COMPILER_APPICON_NAME = AppIcon;
				ASSETCATALOG_COMPILER_GLOBAL_ACCENT_COLOR_NAME = AccentColor;
				CODE_SIGN_STYLE = Automatic;
				CURRENT_PROJECT_VERSION = 1;
				DEVELOPMENT_ASSET_PATHS = "\"GlobeAppExam/Preview Content\"";
				ENABLE_PREVIEWS = YES;
				GENERATE_INFOPLIST_FILE = YES;
				INFOPLIST_KEY_UIApplicationSceneManifest_Generation = YES;
				INFOPLIST_KEY_UIApplicationSupportsIndirectInputEvents = YES;
				INFOPLIST_KEY_UILaunchScreen_Generation = YES;
				INFOPLIST_KEY_UISupportedInterfaceOrientations_iPad = "UIInterfaceOrientationPortrait UIInterfaceOrientationPortraitUpsideDown UIInterfaceOrientationLandscapeLeft UIInterfaceOrientationLandscapeRight";
				INFOPLIST_KEY_UISupportedInterfaceOrientations_iPhone = "UIInterfaceOrientationPortrait UIInterfaceOrientationLandscapeLeft UIInterfaceOrientationLandscapeRight";
				LD_RUNPATH_SEARCH_PATHS = (
					"$(inherited)",
					"@executable_path/Frameworks",
				);
				MARKETING_VERSION = 1.0;
				PRODUCT_BUNDLE_IDENTIFIER = com.MJ.GlobeAppExam;
				PRODUCT_NAME = "$(TARGET_NAME)";
				SWIFT_EMIT_LOC_STRINGS = YES;
				SWIFT_VERSION = 5.0;
				TARGETED_DEVICE_FAMILY = "1,2";
			};
			name = Release;
		};
		B626D4832DD3924D0038FED8 /* Debug */ = {
			isa = XCBuildConfiguration;
			buildSettings = {
				BUNDLE_LOADER = "$(TEST_HOST)";
				CODE_SIGN_STYLE = Automatic;
				CURRENT_PROJECT_VERSION = 1;
				GENERATE_INFOPLIST_FILE = YES;
				IPHONEOS_DEPLOYMENT_TARGET = 18.2;
				MARKETING_VERSION = 1.0;
				PRODUCT_BUNDLE_IDENTIFIER = com.MJ.GlobeAppExamTests;
				PRODUCT_NAME = "$(TARGET_NAME)";
				SWIFT_EMIT_LOC_STRINGS = NO;
				SWIFT_VERSION = 5.0;
				TARGETED_DEVICE_FAMILY = "1,2";
				TEST_HOST = "$(BUILT_PRODUCTS_DIR)/GlobeAppExam.app/$(BUNDLE_EXECUTABLE_FOLDER_PATH)/GlobeAppExam";
			};
			name = Debug;
		};
		B626D4842DD3924D0038FED8 /* Release */ = {
			isa = XCBuildConfiguration;
			buildSettings = {
				BUNDLE_LOADER = "$(TEST_HOST)";
				CODE_SIGN_STYLE = Automatic;
				CURRENT_PROJECT_VERSION = 1;
				GENERATE_INFOPLIST_FILE = YES;
				IPHONEOS_DEPLOYMENT_TARGET = 18.2;
				MARKETING_VERSION = 1.0;
				PRODUCT_BUNDLE_IDENTIFIER = com.MJ.GlobeAppExamTests;
				PRODUCT_NAME = "$(TARGET_NAME)";
				SWIFT_EMIT_LOC_STRINGS = NO;
				SWIFT_VERSION = 5.0;
				TARGETED_DEVICE_FAMILY = "1,2";
				TEST_HOST = "$(BUILT_PRODUCTS_DIR)/GlobeAppExam.app/$(BUNDLE_EXECUTABLE_FOLDER_PATH)/GlobeAppExam";
			};
			name = Release;
		};
		B626D4862DD3924D0038FED8 /* Debug */ = {
			isa = XCBuildConfiguration;
			buildSettings = {
				CODE_SIGN_STYLE = Automatic;
				CURRENT_PROJECT_VERSION = 1;
				GENERATE_INFOPLIST_FILE = YES;
				MARKETING_VERSION = 1.0;
				PRODUCT_BUNDLE_IDENTIFIER = com.MJ.GlobeAppExamUITests;
				PRODUCT_NAME = "$(TARGET_NAME)";
				SWIFT_EMIT_LOC_STRINGS = NO;
				SWIFT_VERSION = 5.0;
				TARGETED_DEVICE_FAMILY = "1,2";
				TEST_TARGET_NAME = GlobeAppExam;
			};
			name = Debug;
		};
		B626D4872DD3924D0038FED8 /* Release */ = {
			isa = XCBuildConfiguration;
			buildSettings = {
				CODE_SIGN_STYLE = Automatic;
				CURRENT_PROJECT_VERSION = 1;
				GENERATE_INFOPLIST_FILE = YES;
				MARKETING_VERSION = 1.0;
				PRODUCT_BUNDLE_IDENTIFIER = com.MJ.GlobeAppExamUITests;
				PRODUCT_NAME = "$(TARGET_NAME)";
				SWIFT_EMIT_LOC_STRINGS = NO;
				SWIFT_VERSION = 5.0;
				TARGETED_DEVICE_FAMILY = "1,2";
				TEST_TARGET_NAME = GlobeAppExam;
			};
			name = Release;
		};
/* End XCBuildConfiguration section */

/* Begin XCConfigurationList section */
		B626D4562DD3924C0038FED8 /* Build configuration list for PBXProject "GlobeAppExam" */ = {
			isa = XCConfigurationList;
			buildConfigurations = (
				B626D47D2DD3924D0038FED8 /* Debug */,
				B626D47E2DD3924D0038FED8 /* Release */,
			);
			defaultConfigurationIsVisible = 0;
			defaultConfigurationName = Release;
		};
		B626D47F2DD3924D0038FED8 /* Build configuration list for PBXNativeTarget "GlobeAppExam" */ = {
			isa = XCConfigurationList;
			buildConfigurations = (
				B626D4802DD3924D0038FED8 /* Debug */,
				B626D4812DD3924D0038FED8 /* Release */,
			);
			defaultConfigurationIsVisible = 0;
			defaultConfigurationName = Release;
		};
		B626D4822DD3924D0038FED8 /* Build configuration list for PBXNativeTarget "GlobeAppExamTests" */ = {
			isa = XCConfigurationList;
			buildConfigurations = (
				B626D4832DD3924D0038FED8 /* Debug */,
				B626D4842DD3924D0038FED8 /* Release */,
			);
			defaultConfigurationIsVisible = 0;
			defaultConfigurationName = Release;
		};
		B626D4852DD3924D0038FED8 /* Build configuration list for PBXNativeTarget "GlobeAppExamUITests" */ = {
			isa = XCConfigurationList;
			buildConfigurations = (
				B626D4862DD3924D0038FED8 /* Debug */,
				B626D4872DD3924D0038FED8 /* Release */,
			);
			defaultConfigurationIsVisible = 0;
			defaultConfigurationName = Release;
		};
/* End XCConfigurationList section */

/* Begin XCRemoteSwiftPackageReference section */
		B626D4A32DD3B7450038FED8 /* XCRemoteSwiftPackageReference "Kingfisher" */ = {
			isa = XCRemoteSwiftPackageReference;
			repositoryURL = "https://github.com/onevcat/Kingfisher.git";
			requirement = {
				kind = upToNextMajorVersion;
				minimumVersion = 8.3.2;
			};
		};
/* End XCRemoteSwiftPackageReference section */

/* Begin XCSwiftPackageProductDependency section */
		B626D4A42DD3B7450038FED8 /* Kingfisher */ = {
			isa = XCSwiftPackageProductDependency;
			package = B626D4A32DD3B7450038FED8 /* XCRemoteSwiftPackageReference "Kingfisher" */;
			productName = Kingfisher;
		};
/* End XCSwiftPackageProductDependency section */
	};
	rootObject = B626D4532DD3924C0038FED8 /* Project object */;
}
